{
  "name": "flumelog-offset",
  "version": "3.2.2",
  "lockfileVersion": 1,
  "requires": true,
  "dependencies": {
    "aligned-block-file": {
      "version": "1.1.1",
      "requires": {
        "hashlru": "2.2.0",
        "int53": "0.2.4",
        "mkdirp": "https://registry.npmjs.org/mkdirp/-/mkdirp-0.5.1.tgz",
        "obv": "https://registry.npmjs.org/obv/-/obv-0.0.0.tgz",
        "uint48be": "1.0.2"
      },
      "dependencies": {
        "balanced-match": {
          "version": "https://registry.npmjs.org/balanced-match/-/balanced-match-0.4.2.tgz",
          "bundled": true
        },
        "brace-expansion": {
          "version": "https://registry.npmjs.org/brace-expansion/-/brace-expansion-1.1.6.tgz",
          "bundled": true,
          "requires": {
            "balanced-match": "https://registry.npmjs.org/balanced-match/-/balanced-match-0.4.2.tgz",
            "concat-map": "https://registry.npmjs.org/concat-map/-/concat-map-0.0.1.tgz"
          }
        },
        "concat-map": {
          "version": "https://registry.npmjs.org/concat-map/-/concat-map-0.0.1.tgz",
          "bundled": true
        },
        "deep-equal": {
          "version": "https://registry.npmjs.org/deep-equal/-/deep-equal-1.0.1.tgz",
          "bundled": true
        },
        "define-properties": {
          "version": "https://registry.npmjs.org/define-properties/-/define-properties-1.1.2.tgz",
          "bundled": true,
          "requires": {
            "foreach": "https://registry.npmjs.org/foreach/-/foreach-2.0.5.tgz",
            "object-keys": "https://registry.npmjs.org/object-keys/-/object-keys-1.0.11.tgz"
          }
        },
        "defined": {
          "version": "https://registry.npmjs.org/defined/-/defined-1.0.0.tgz",
          "bundled": true
        },
        "es-abstract": {
          "version": "https://registry.npmjs.org/es-abstract/-/es-abstract-1.5.1.tgz",
          "bundled": true,
          "requires": {
            "es-to-primitive": "https://registry.npmjs.org/es-to-primitive/-/es-to-primitive-1.1.1.tgz",
            "function-bind": "https://registry.npmjs.org/function-bind/-/function-bind-1.1.0.tgz",
            "is-callable": "https://registry.npmjs.org/is-callable/-/is-callable-1.1.3.tgz",
            "is-regex": "https://registry.npmjs.org/is-regex/-/is-regex-1.0.3.tgz"
          }
        },
        "es-to-primitive": {
          "version": "https://registry.npmjs.org/es-to-primitive/-/es-to-primitive-1.1.1.tgz",
          "bundled": true,
          "requires": {
            "is-callable": "https://registry.npmjs.org/is-callable/-/is-callable-1.1.3.tgz",
            "is-date-object": "https://registry.npmjs.org/is-date-object/-/is-date-object-1.0.1.tgz",
            "is-symbol": "https://registry.npmjs.org/is-symbol/-/is-symbol-1.0.1.tgz"
          }
        },
        "foreach": {
          "version": "https://registry.npmjs.org/foreach/-/foreach-2.0.5.tgz",
          "bundled": true
        },
        "fs.realpath": {
          "version": "https://registry.npmjs.org/fs.realpath/-/fs.realpath-1.0.0.tgz",
          "bundled": true
        },
        "function-bind": {
          "version": "https://registry.npmjs.org/function-bind/-/function-bind-1.1.0.tgz",
          "bundled": true
        },
        "glob": {
          "version": "https://registry.npmjs.org/glob/-/glob-7.0.6.tgz",
          "bundled": true,
          "requires": {
            "fs.realpath": "https://registry.npmjs.org/fs.realpath/-/fs.realpath-1.0.0.tgz",
            "inflight": "https://registry.npmjs.org/inflight/-/inflight-1.0.5.tgz",
            "inherits": "https://registry.npmjs.org/inherits/-/inherits-2.0.1.tgz",
            "minimatch": "https://registry.npmjs.org/minimatch/-/minimatch-3.0.3.tgz",
            "once": "https://registry.npmjs.org/once/-/once-1.4.0.tgz",
            "path-is-absolute": "https://registry.npmjs.org/path-is-absolute/-/path-is-absolute-1.0.1.tgz"
          }
        },
        "has": {
          "version": "https://registry.npmjs.org/has/-/has-1.0.1.tgz",
          "bundled": true,
          "requires": {
            "function-bind": "https://registry.npmjs.org/function-bind/-/function-bind-1.1.0.tgz"
          }
        },
        "hashlru": {
          "version": "2.2.0",
          "bundled": true
        },
        "hexpp": {
          "bundled": true,
          "dependencies": {
            "balanced-match": {
              "version": "https://registry.npmjs.org/balanced-match/-/balanced-match-0.4.2.tgz",
              "bundled": true
            },
            "brace-expansion": {
              "version": "https://registry.npmjs.org/brace-expansion/-/brace-expansion-1.1.6.tgz",
              "bundled": true,
              "requires": {
                "balanced-match": "https://registry.npmjs.org/balanced-match/-/balanced-match-0.4.2.tgz",
                "concat-map": "https://registry.npmjs.org/concat-map/-/concat-map-0.0.1.tgz"
              }
            },
            "concat-map": {
              "version": "https://registry.npmjs.org/concat-map/-/concat-map-0.0.1.tgz",
              "bundled": true
            },
            "deep-equal": {
              "version": "https://registry.npmjs.org/deep-equal/-/deep-equal-1.0.1.tgz",
              "bundled": true
            },
            "define-properties": {
              "version": "https://registry.npmjs.org/define-properties/-/define-properties-1.1.2.tgz",
              "bundled": true,
              "requires": {
                "foreach": "https://registry.npmjs.org/foreach/-/foreach-2.0.5.tgz",
                "object-keys": "https://registry.npmjs.org/object-keys/-/object-keys-1.0.11.tgz"
              }
            },
            "defined": {
              "version": "https://registry.npmjs.org/defined/-/defined-1.0.0.tgz",
              "bundled": true
            },
            "es-abstract": {
              "version": "https://registry.npmjs.org/es-abstract/-/es-abstract-1.5.1.tgz",
              "bundled": true,
              "requires": {
                "es-to-primitive": "https://registry.npmjs.org/es-to-primitive/-/es-to-primitive-1.1.1.tgz",
                "function-bind": "https://registry.npmjs.org/function-bind/-/function-bind-1.1.0.tgz",
                "is-callable": "https://registry.npmjs.org/is-callable/-/is-callable-1.1.3.tgz",
                "is-regex": "https://registry.npmjs.org/is-regex/-/is-regex-1.0.3.tgz"
              }
            },
            "es-to-primitive": {
              "version": "https://registry.npmjs.org/es-to-primitive/-/es-to-primitive-1.1.1.tgz",
              "bundled": true,
              "requires": {
                "is-callable": "https://registry.npmjs.org/is-callable/-/is-callable-1.1.3.tgz",
                "is-date-object": "https://registry.npmjs.org/is-date-object/-/is-date-object-1.0.1.tgz",
                "is-symbol": "https://registry.npmjs.org/is-symbol/-/is-symbol-1.0.1.tgz"
              }
            },
            "foreach": {
              "version": "https://registry.npmjs.org/foreach/-/foreach-2.0.5.tgz",
              "bundled": true
            },
            "fs.realpath": {
              "version": "https://registry.npmjs.org/fs.realpath/-/fs.realpath-1.0.0.tgz",
              "bundled": true
            },
            "function-bind": {
              "version": "https://registry.npmjs.org/function-bind/-/function-bind-1.1.0.tgz",
              "bundled": true
            },
            "glob": {
              "version": "https://registry.npmjs.org/glob/-/glob-7.0.6.tgz",
              "bundled": true,
              "requires": {
                "fs.realpath": "https://registry.npmjs.org/fs.realpath/-/fs.realpath-1.0.0.tgz",
                "inflight": "https://registry.npmjs.org/inflight/-/inflight-1.0.5.tgz",
                "inherits": "https://registry.npmjs.org/inherits/-/inherits-2.0.3.tgz",
                "minimatch": "https://registry.npmjs.org/minimatch/-/minimatch-3.0.3.tgz",
                "once": "https://registry.npmjs.org/once/-/once-1.4.0.tgz",
                "path-is-absolute": "https://registry.npmjs.org/path-is-absolute/-/path-is-absolute-1.0.1.tgz"
              }
            },
            "has": {
              "version": "https://registry.npmjs.org/has/-/has-1.0.1.tgz",
              "bundled": true,
              "requires": {
                "function-bind": "https://registry.npmjs.org/function-bind/-/function-bind-1.1.0.tgz"
              }
            },
            "inflight": {
              "version": "https://registry.npmjs.org/inflight/-/inflight-1.0.5.tgz",
              "bundled": true,
              "requires": {
                "once": "https://registry.npmjs.org/once/-/once-1.4.0.tgz",
                "wrappy": "https://registry.npmjs.org/wrappy/-/wrappy-1.0.2.tgz"
              }
            },
            "inherits": {
              "version": "https://registry.npmjs.org/inherits/-/inherits-2.0.3.tgz",
              "bundled": true
            },
            "is-callable": {
              "version": "https://registry.npmjs.org/is-callable/-/is-callable-1.1.3.tgz",
              "bundled": true
            },
            "is-date-object": {
              "version": "https://registry.npmjs.org/is-date-object/-/is-date-object-1.0.1.tgz",
              "bundled": true
            },
            "is-regex": {
              "version": "https://registry.npmjs.org/is-regex/-/is-regex-1.0.3.tgz",
              "bundled": true
            },
            "is-symbol": {
              "version": "https://registry.npmjs.org/is-symbol/-/is-symbol-1.0.1.tgz",
              "bundled": true
            },
            "minimatch": {
              "version": "https://registry.npmjs.org/minimatch/-/minimatch-3.0.3.tgz",
              "bundled": true,
              "requires": {
                "brace-expansion": "https://registry.npmjs.org/brace-expansion/-/brace-expansion-1.1.6.tgz"
              }
            },
            "object-inspect": {
              "version": "https://registry.npmjs.org/object-inspect/-/object-inspect-1.2.1.tgz",
              "bundled": true
            },
            "object-keys": {
              "version": "https://registry.npmjs.org/object-keys/-/object-keys-1.0.11.tgz",
              "bundled": true
            },
            "once": {
              "version": "https://registry.npmjs.org/once/-/once-1.4.0.tgz",
              "bundled": true,
              "requires": {
                "wrappy": "https://registry.npmjs.org/wrappy/-/wrappy-1.0.2.tgz"
              }
            },
            "path-is-absolute": {
              "version": "https://registry.npmjs.org/path-is-absolute/-/path-is-absolute-1.0.1.tgz",
              "bundled": true
            },
            "resolve": {
              "version": "https://registry.npmjs.org/resolve/-/resolve-1.1.7.tgz",
              "bundled": true
            },
            "resumer": {
              "version": "https://registry.npmjs.org/resumer/-/resumer-0.0.0.tgz",
              "bundled": true,
              "requires": {
                "through": "https://registry.npmjs.org/through/-/through-2.3.8.tgz"
              }
            },
            "string.prototype.trim": {
              "version": "https://registry.npmjs.org/string.prototype.trim/-/string.prototype.trim-1.1.2.tgz",
              "bundled": true,
              "requires": {
                "define-properties": "https://registry.npmjs.org/define-properties/-/define-properties-1.1.2.tgz",
                "es-abstract": "https://registry.npmjs.org/es-abstract/-/es-abstract-1.5.1.tgz",
                "function-bind": "https://registry.npmjs.org/function-bind/-/function-bind-1.1.0.tgz"
              }
            },
            "tape": {
              "version": "https://registry.npmjs.org/tape/-/tape-4.6.0.tgz",
              "bundled": true,
              "requires": {
                "deep-equal": "https://registry.npmjs.org/deep-equal/-/deep-equal-1.0.1.tgz",
                "defined": "https://registry.npmjs.org/defined/-/defined-1.0.0.tgz",
                "function-bind": "https://registry.npmjs.org/function-bind/-/function-bind-1.1.0.tgz",
                "glob": "https://registry.npmjs.org/glob/-/glob-7.0.6.tgz",
                "has": "https://registry.npmjs.org/has/-/has-1.0.1.tgz",
                "inherits": "https://registry.npmjs.org/inherits/-/inherits-2.0.3.tgz",
                "minimist": "https://registry.npmjs.org/minimist/-/minimist-1.2.0.tgz",
                "object-inspect": "https://registry.npmjs.org/object-inspect/-/object-inspect-1.2.1.tgz",
                "resolve": "https://registry.npmjs.org/resolve/-/resolve-1.1.7.tgz",
                "resumer": "https://registry.npmjs.org/resumer/-/resumer-0.0.0.tgz",
                "string.prototype.trim": "https://registry.npmjs.org/string.prototype.trim/-/string.prototype.trim-1.1.2.tgz",
                "through": "https://registry.npmjs.org/through/-/through-2.3.8.tgz"
              },
              "dependencies": {
                "minimist": {
                  "version": "https://registry.npmjs.org/minimist/-/minimist-1.2.0.tgz",
                  "bundled": true
                }
              }
            },
            "through": {
              "version": "https://registry.npmjs.org/through/-/through-2.3.8.tgz",
              "bundled": true
            },
            "wrappy": {
              "version": "https://registry.npmjs.org/wrappy/-/wrappy-1.0.2.tgz",
              "bundled": true
            }
          }
        },
        "inflight": {
          "version": "https://registry.npmjs.org/inflight/-/inflight-1.0.5.tgz",
          "bundled": true,
          "requires": {
            "once": "https://registry.npmjs.org/once/-/once-1.4.0.tgz",
            "wrappy": "https://registry.npmjs.org/wrappy/-/wrappy-1.0.2.tgz"
          }
        },
        "inherits": {
          "version": "https://registry.npmjs.org/inherits/-/inherits-2.0.1.tgz",
          "bundled": true
        },
        "int53": {
          "version": "0.2.4",
          "bundled": true
        },
        "is-callable": {
          "version": "https://registry.npmjs.org/is-callable/-/is-callable-1.1.3.tgz",
          "bundled": true
        },
        "is-date-object": {
          "version": "https://registry.npmjs.org/is-date-object/-/is-date-object-1.0.1.tgz",
          "bundled": true
        },
        "is-regex": {
          "version": "https://registry.npmjs.org/is-regex/-/is-regex-1.0.3.tgz",
          "bundled": true
        },
        "is-symbol": {
          "version": "https://registry.npmjs.org/is-symbol/-/is-symbol-1.0.1.tgz",
          "bundled": true
        },
        "minimatch": {
          "version": "https://registry.npmjs.org/minimatch/-/minimatch-3.0.3.tgz",
          "bundled": true,
          "requires": {
            "brace-expansion": "https://registry.npmjs.org/brace-expansion/-/brace-expansion-1.1.6.tgz"
          }
        },
        "minimist": {
          "version": "https://registry.npmjs.org/minimist/-/minimist-1.2.0.tgz",
          "bundled": true
        },
        "mkdirp": {
          "version": "https://registry.npmjs.org/mkdirp/-/mkdirp-0.5.1.tgz",
          "bundled": true,
          "requires": {
            "minimist": "https://registry.npmjs.org/minimist/-/minimist-0.0.8.tgz"
          },
          "dependencies": {
            "minimist": {
              "version": "https://registry.npmjs.org/minimist/-/minimist-0.0.8.tgz",
              "bundled": true
            }
          }
        },
        "object-inspect": {
          "version": "https://registry.npmjs.org/object-inspect/-/object-inspect-1.2.1.tgz",
          "bundled": true
        },
        "object-keys": {
          "version": "https://registry.npmjs.org/object-keys/-/object-keys-1.0.11.tgz",
          "bundled": true
        },
        "obv": {
          "version": "https://registry.npmjs.org/obv/-/obv-0.0.0.tgz",
          "bundled": true
        },
        "once": {
          "version": "https://registry.npmjs.org/once/-/once-1.4.0.tgz",
          "bundled": true,
          "requires": {
            "wrappy": "https://registry.npmjs.org/wrappy/-/wrappy-1.0.2.tgz"
          }
        },
        "path-is-absolute": {
          "version": "https://registry.npmjs.org/path-is-absolute/-/path-is-absolute-1.0.1.tgz",
          "bundled": true
        },
        "resolve": {
          "version": "https://registry.npmjs.org/resolve/-/resolve-1.1.7.tgz",
          "bundled": true
        },
        "resumer": {
          "version": "https://registry.npmjs.org/resumer/-/resumer-0.0.0.tgz",
          "bundled": true,
          "requires": {
            "through": "https://registry.npmjs.org/through/-/through-2.3.8.tgz"
          }
        },
        "string.prototype.trim": {
          "version": "https://registry.npmjs.org/string.prototype.trim/-/string.prototype.trim-1.1.2.tgz",
          "bundled": true,
          "requires": {
            "define-properties": "https://registry.npmjs.org/define-properties/-/define-properties-1.1.2.tgz",
            "es-abstract": "https://registry.npmjs.org/es-abstract/-/es-abstract-1.5.1.tgz",
            "function-bind": "https://registry.npmjs.org/function-bind/-/function-bind-1.1.0.tgz"
          }
        },
        "tape": {
          "version": "https://registry.npmjs.org/tape/-/tape-4.6.0.tgz",
          "bundled": true,
          "requires": {
            "deep-equal": "https://registry.npmjs.org/deep-equal/-/deep-equal-1.0.1.tgz",
            "defined": "https://registry.npmjs.org/defined/-/defined-1.0.0.tgz",
            "function-bind": "https://registry.npmjs.org/function-bind/-/function-bind-1.1.0.tgz",
            "glob": "https://registry.npmjs.org/glob/-/glob-7.0.6.tgz",
            "has": "https://registry.npmjs.org/has/-/has-1.0.1.tgz",
            "inherits": "https://registry.npmjs.org/inherits/-/inherits-2.0.1.tgz",
            "minimist": "https://registry.npmjs.org/minimist/-/minimist-1.2.0.tgz",
            "object-inspect": "https://registry.npmjs.org/object-inspect/-/object-inspect-1.2.1.tgz",
            "resolve": "https://registry.npmjs.org/resolve/-/resolve-1.1.7.tgz",
            "resumer": "https://registry.npmjs.org/resumer/-/resumer-0.0.0.tgz",
            "string.prototype.trim": "https://registry.npmjs.org/string.prototype.trim/-/string.prototype.trim-1.1.2.tgz",
            "through": "https://registry.npmjs.org/through/-/through-2.3.8.tgz"
          }
        },
        "through": {
          "version": "https://registry.npmjs.org/through/-/through-2.3.8.tgz",
          "bundled": true
        },
        "uint48be": {
          "version": "1.0.2",
          "bundled": true
        },
        "wrappy": {
          "version": "https://registry.npmjs.org/wrappy/-/wrappy-1.0.2.tgz",
          "bundled": true
        }
      }
    },
    "append-batch": {
      "version": "https://registry.npmjs.org/append-batch/-/append-batch-0.0.1.tgz",
      "integrity": "sha1-kiSFjlVpl8zAfxHx7poShTKqDSU="
    },
    "balanced-match": {
      "version": "https://registry.npmjs.org/balanced-match/-/balanced-match-0.4.2.tgz",
      "integrity": "sha1-yz8+PHMtwPAe5wtAPzAuYddwmDg=",
      "dev": true
    },
    "bench-flumelog": {
      "version": "1.0.1",
      "resolved": "https://registry.npmjs.org/bench-flumelog/-/bench-flumelog-1.0.1.tgz",
      "integrity": "sha1-6S99t1VwLMZRQyJM7O6dH+Fp4dQ=",
      "dev": true,
      "requires": {
        "pull-paramap": "1.2.2",
        "pull-stream": "https://registry.npmjs.org/pull-stream/-/pull-stream-3.5.0.tgz"
      }
    },
    "brace-expansion": {
      "version": "https://registry.npmjs.org/brace-expansion/-/brace-expansion-1.1.6.tgz",
      "integrity": "sha1-cZfX6qm4fmSDkOph/GbIRCdCDfk=",
      "dev": true,
      "requires": {
        "balanced-match": "https://registry.npmjs.org/balanced-match/-/balanced-match-0.4.2.tgz",
        "concat-map": "https://registry.npmjs.org/concat-map/-/concat-map-0.0.1.tgz"
      }
    },
    "concat-map": {
      "version": "https://registry.npmjs.org/concat-map/-/concat-map-0.0.1.tgz",
      "integrity": "sha1-2Klr13/Wjfd5OnMDajug1UBdR3s=",
      "dev": true
    },
    "deep-equal": {
      "version": "https://registry.npmjs.org/deep-equal/-/deep-equal-1.0.1.tgz",
      "integrity": "sha1-9dJgKStmDghO/0zbyfCK0yR0SLU=",
      "dev": true
    },
    "define-properties": {
      "version": "https://registry.npmjs.org/define-properties/-/define-properties-1.1.2.tgz",
      "integrity": "sha1-g6c/L+pWmJj7c3GTyPhzyvbUXJQ=",
      "dev": true,
      "requires": {
        "foreach": "https://registry.npmjs.org/foreach/-/foreach-2.0.5.tgz",
        "object-keys": "https://registry.npmjs.org/object-keys/-/object-keys-1.0.11.tgz"
      }
    },
    "defined": {
      "version": "https://registry.npmjs.org/defined/-/defined-1.0.0.tgz",
      "integrity": "sha1-yY2bzvdWdBiOEQlpFRGZ45sfppM=",
      "dev": true
    },
    "es-abstract": {
      "version": "https://registry.npmjs.org/es-abstract/-/es-abstract-1.5.1.tgz",
      "integrity": "sha1-8L+Wvqdha7lAvOpPUn4x+y7h8io=",
      "dev": true,
      "requires": {
        "es-to-primitive": "https://registry.npmjs.org/es-to-primitive/-/es-to-primitive-1.1.1.tgz",
        "function-bind": "https://registry.npmjs.org/function-bind/-/function-bind-1.1.0.tgz",
        "is-callable": "https://registry.npmjs.org/is-callable/-/is-callable-1.1.3.tgz",
        "is-regex": "https://registry.npmjs.org/is-regex/-/is-regex-1.0.3.tgz"
      }
    },
    "es-to-primitive": {
      "version": "https://registry.npmjs.org/es-to-primitive/-/es-to-primitive-1.1.1.tgz",
      "integrity": "sha1-RTVSSKiJeQNLZ5Lhm7gfK3l13Q0=",
      "dev": true,
      "requires": {
        "is-callable": "https://registry.npmjs.org/is-callable/-/is-callable-1.1.3.tgz",
        "is-date-object": "https://registry.npmjs.org/is-date-object/-/is-date-object-1.0.1.tgz",
        "is-symbol": "https://registry.npmjs.org/is-symbol/-/is-symbol-1.0.1.tgz"
      }
    },
    "explain-error": {
      "version": "1.0.4",
      "resolved": "https://registry.npmjs.org/explain-error/-/explain-error-1.0.4.tgz",
      "integrity": "sha1-p5PTrAytTGq1cemWj7urbLJTKSk="
    },
    "flumecodec": {
      "version": "0.0.0",
      "resolved": "https://registry.npmjs.org/flumecodec/-/flumecodec-0.0.0.tgz",
      "integrity": "sha1-Ns4Gq+Lg4BxE3WnyoWUwWiMgZJs=",
      "dev": true,
      "requires": {
        "level-codec": "6.2.0"
      }
    },
    "foreach": {
      "version": "https://registry.npmjs.org/foreach/-/foreach-2.0.5.tgz",
      "integrity": "sha1-C+4AUBiusmDQo6865ljdATbsG5k=",
      "dev": true
    },
    "fs.realpath": {
      "version": "https://registry.npmjs.org/fs.realpath/-/fs.realpath-1.0.0.tgz",
      "integrity": "sha1-FQStJSMVjKpA20onh8sBQRmU6k8=",
      "dev": true
    },
    "function-bind": {
      "version": "https://registry.npmjs.org/function-bind/-/function-bind-1.1.0.tgz",
      "integrity": "sha1-FhdnFMgBeY5Ojyz391KUZ7tKV3E=",
      "dev": true
    },
    "glob": {
      "version": "https://registry.npmjs.org/glob/-/glob-7.1.1.tgz",
      "integrity": "sha1-gFIR3wT6rxxjo2ADBs31reULLsg=",
      "dev": true,
      "requires": {
        "fs.realpath": "https://registry.npmjs.org/fs.realpath/-/fs.realpath-1.0.0.tgz",
        "inflight": "https://registry.npmjs.org/inflight/-/inflight-1.0.6.tgz",
        "inherits": "https://registry.npmjs.org/inherits/-/inherits-2.0.3.tgz",
        "minimatch": "https://registry.npmjs.org/minimatch/-/minimatch-3.0.3.tgz",
        "once": "https://registry.npmjs.org/once/-/once-1.4.0.tgz",
        "path-is-absolute": "https://registry.npmjs.org/path-is-absolute/-/path-is-absolute-1.0.1.tgz"
      }
    },
    "has": {
      "version": "https://registry.npmjs.org/has/-/has-1.0.1.tgz",
      "integrity": "sha1-hGFzP1OLCDfJNh45qauelwTcLyg=",
      "dev": true,
      "requires": {
        "function-bind": "https://registry.npmjs.org/function-bind/-/function-bind-1.1.0.tgz"
      }
    },
    "hashlru": {
      "version": "2.2.0",
      "resolved": "https://registry.npmjs.org/hashlru/-/hashlru-2.2.0.tgz",
      "integrity": "sha1-eTpYlD+QKupXgXfXsDNfE/JpS3E="
    },
    "infer-partial-order": {
      "version": "0.1.1",
      "resolved": "https://registry.npmjs.org/infer-partial-order/-/infer-partial-order-0.1.1.tgz",
      "integrity": "sha1-t3rCJudv1/N6ju3YXY1NbpeRJX4=",
      "dev": true
    },
    "inflight": {
      "version": "https://registry.npmjs.org/inflight/-/inflight-1.0.6.tgz",
      "integrity": "sha1-Sb1jMdfQLQwJvJEKEHW6gWW1bfk=",
      "dev": true,
      "requires": {
        "once": "https://registry.npmjs.org/once/-/once-1.4.0.tgz",
        "wrappy": "https://registry.npmjs.org/wrappy/-/wrappy-1.0.2.tgz"
      }
    },
    "inherits": {
      "version": "https://registry.npmjs.org/inherits/-/inherits-2.0.3.tgz",
      "integrity": "sha1-Yzwsg+PaQqUC9SRmAiSA9CCCYd4=",
      "dev": true
    },
    "int53": {
      "version": "0.2.4",
      "resolved": "https://registry.npmjs.org/int53/-/int53-0.2.4.tgz",
      "integrity": "sha1-XtjXqtbFxlZ8rmmqf/xKEJ7oD4Y="
    },
    "interleavings": {
      "version": "0.3.1",
      "resolved": "https://registry.npmjs.org/interleavings/-/interleavings-0.3.1.tgz",
      "integrity": "sha1-besjBJ3YfL4L7MAZCh7OBHedAtM=",
      "dev": true,
      "requires": {
        "infer-partial-order": "0.1.1",
        "rng": "0.2.2"
      }
    },
    "is-callable": {
      "version": "https://registry.npmjs.org/is-callable/-/is-callable-1.1.3.tgz",
      "integrity": "sha1-hut1OSgF3cM69xySoO7fdO52BLI=",
      "dev": true
    },
    "is-date-object": {
      "version": "https://registry.npmjs.org/is-date-object/-/is-date-object-1.0.1.tgz",
      "integrity": "sha1-mqIOtq7rv/d/vTPnTKAbM1gdOhY=",
      "dev": true
    },
    "is-regex": {
      "version": "https://registry.npmjs.org/is-regex/-/is-regex-1.0.3.tgz",
      "integrity": "sha1-DVUYK9358v3ieCIK7Dp1ZCyQhjc=",
      "dev": true
    },
    "is-symbol": {
      "version": "https://registry.npmjs.org/is-symbol/-/is-symbol-1.0.1.tgz",
      "integrity": "sha1-PMWfAAJRlLarLjjbrmaJJWtmBXI=",
      "dev": true
    },
    "level-codec": {
      "version": "6.2.0",
      "resolved": "https://registry.npmjs.org/level-codec/-/level-codec-6.2.0.tgz",
      "integrity": "sha1-pLUkS7akwvcj1oodZOmAxTYn2dQ=",
      "dev": true
    },
    "looper": {
      "version": "4.0.0",
      "resolved": "https://registry.npmjs.org/looper/-/looper-4.0.0.tgz",
      "integrity": "sha1-dwat7VmpntygbmtUu4bI7BnJUVU="
    },
    "ltgt": {
      "version": "https://registry.npmjs.org/ltgt/-/ltgt-2.1.3.tgz",
      "integrity": "sha1-EIUaBtmWS5cReEQcI8nlJpjuzjQ="
    },
    "minimatch": {
      "version": "https://registry.npmjs.org/minimatch/-/minimatch-3.0.3.tgz",
      "integrity": "sha1-Kk5AkLlrLbBqnX3wEFWmKnfJt3Q=",
      "dev": true,
      "requires": {
        "brace-expansion": "https://registry.npmjs.org/brace-expansion/-/brace-expansion-1.1.6.tgz"
      }
    },
    "minimist": {
      "version": "https://registry.npmjs.org/minimist/-/minimist-1.2.0.tgz",
      "integrity": "sha1-o1AIsg9BOD7sH7kU9M1d95omQoQ=",
      "dev": true
    },
    "object-inspect": {
      "version": "https://registry.npmjs.org/object-inspect/-/object-inspect-1.2.1.tgz",
      "integrity": "sha1-O2Iibrj21EF1HH2PIqIP+ArJ3D8=",
      "dev": true
    },
    "object-keys": {
      "version": "https://registry.npmjs.org/object-keys/-/object-keys-1.0.11.tgz",
      "integrity": "sha1-xUYBd4rVYPEULODgG8yotW0TQm0=",
      "dev": true
    },
    "obv": {
      "version": "0.0.1",
      "resolved": "https://registry.npmjs.org/obv/-/obv-0.0.1.tgz",
      "integrity": "sha1-yyNhBjQVNvDaxIFeBnCCIcrX+14="
    },
    "once": {
      "version": "https://registry.npmjs.org/once/-/once-1.4.0.tgz",
      "integrity": "sha1-WDsap3WWHUsROsF9nFC6753Xa9E=",
      "dev": true,
      "requires": {
        "wrappy": "https://registry.npmjs.org/wrappy/-/wrappy-1.0.2.tgz"
      }
    },
    "path-is-absolute": {
      "version": "https://registry.npmjs.org/path-is-absolute/-/path-is-absolute-1.0.1.tgz",
      "integrity": "sha1-F0uSaHNVNP+8es5r9TpanhtcX18=",
      "dev": true
    },
    "pull-cat": {
      "version": "1.1.11",
      "resolved": "https://registry.npmjs.org/pull-cat/-/pull-cat-1.1.11.tgz",
      "integrity": "sha1-tkLdElXaN2pwa220+pYvX9t0wxs=",
      "dev": true
    },
    "pull-cursor": {
      "version": "2.1.3",
      "resolved": "https://registry.npmjs.org/pull-cursor/-/pull-cursor-2.1.3.tgz",
      "integrity": "sha1-Ah6X19I9eK9mrda4wcF/1v2xK2w=",
      "requires": {
        "looper": "4.0.0",
        "ltgt": "2.2.0",
        "pull-stream": "3.6.0"
      },
      "dependencies": {
        "ltgt": {
          "version": "2.2.0",
          "resolved": "https://registry.npmjs.org/ltgt/-/ltgt-2.2.0.tgz",
          "integrity": "sha1-tlul/LNJopkkyOMz98alVi8uSEI="
        },
        "pull-stream": {
          "version": "3.6.0",
          "resolved": "https://registry.npmjs.org/pull-stream/-/pull-stream-3.6.0.tgz",
          "integrity": "sha1-WdAzpoFdTjCX1Hw9KxiTqeWKI1E="
        }
      }
    },
    "pull-paramap": {
      "version": "1.2.2",
      "resolved": "https://registry.npmjs.org/pull-paramap/-/pull-paramap-1.2.2.tgz",
      "integrity": "sha1-UaQZPOnI1yFdla2tReK824STsjo=",
      "dev": true,
      "requires": {
        "looper": "4.0.0"
      }
    },
    "pull-stream": {
      "version": "https://registry.npmjs.org/pull-stream/-/pull-stream-3.5.0.tgz",
      "integrity": "sha1-HuW292/Ts6SaWvtt7VwDIKyzz8c=",
      "dev": true
    },
    "pull-write": {
      "version": "1.1.4",
      "resolved": "https://registry.npmjs.org/pull-write/-/pull-write-1.1.4.tgz",
      "integrity": "sha1-3d6jFJO0j2douEooHQHrO1Mf4Lg=",
      "dev": true,
      "requires": {
        "looper": "4.0.0",
        "pull-cat": "1.1.11",
        "pull-stream": "https://registry.npmjs.org/pull-stream/-/pull-stream-3.5.0.tgz"
      }
    },
    "resolve": {
      "version": "https://registry.npmjs.org/resolve/-/resolve-1.1.7.tgz",
      "integrity": "sha1-IDEU2CrSxe2ejgQRs5ModeiJ6Xs=",
      "dev": true
    },
    "resumer": {
      "version": "https://registry.npmjs.org/resumer/-/resumer-0.0.0.tgz",
      "integrity": "sha1-8ej0YeQGS6Oegq883CqMiT0HZ1k=",
      "dev": true,
      "requires": {
        "through": "https://registry.npmjs.org/through/-/through-2.3.8.tgz"
      }
    },
    "rng": {
      "version": "0.2.2",
      "resolved": "https://registry.npmjs.org/rng/-/rng-0.2.2.tgz",
      "integrity": "sha1-30PoDZvIKtRDC8/vA/SccX6LLow=",
      "dev": true
    },
    "string.prototype.trim": {
      "version": "https://registry.npmjs.org/string.prototype.trim/-/string.prototype.trim-1.1.2.tgz",
      "integrity": "sha1-0E3iyJ4Tf019IG8Ia17S+ua+jOo=",
      "dev": true,
      "requires": {
        "define-properties": "https://registry.npmjs.org/define-properties/-/define-properties-1.1.2.tgz",
        "es-abstract": "https://registry.npmjs.org/es-abstract/-/es-abstract-1.5.1.tgz",
        "function-bind": "https://registry.npmjs.org/function-bind/-/function-bind-1.1.0.tgz"
      }
    },
    "tape": {
      "version": "https://registry.npmjs.org/tape/-/tape-4.6.2.tgz",
      "integrity": "sha1-GbPYdFCEhaHcMPsw/ip9m+LCi3g=",
      "dev": true,
      "requires": {
        "deep-equal": "https://registry.npmjs.org/deep-equal/-/deep-equal-1.0.1.tgz",
        "defined": "https://registry.npmjs.org/defined/-/defined-1.0.0.tgz",
        "function-bind": "https://registry.npmjs.org/function-bind/-/function-bind-1.1.0.tgz",
        "glob": "https://registry.npmjs.org/glob/-/glob-7.1.1.tgz",
        "has": "https://registry.npmjs.org/has/-/has-1.0.1.tgz",
        "inherits": "https://registry.npmjs.org/inherits/-/inherits-2.0.3.tgz",
        "minimist": "https://registry.npmjs.org/minimist/-/minimist-1.2.0.tgz",
        "object-inspect": "https://registry.npmjs.org/object-inspect/-/object-inspect-1.2.1.tgz",
        "resolve": "https://registry.npmjs.org/resolve/-/resolve-1.1.7.tgz",
        "resumer": "https://registry.npmjs.org/resumer/-/resumer-0.0.0.tgz",
        "string.prototype.trim": "https://registry.npmjs.org/string.prototype.trim/-/string.prototype.trim-1.1.2.tgz",
        "through": "https://registry.npmjs.org/through/-/through-2.3.8.tgz"
      }
    },
    "test-flumelog": {
      "version": "1.0.0",
      "resolved": "https://registry.npmjs.org/test-flumelog/-/test-flumelog-1.0.0.tgz",
      "integrity": "sha1-fiUYfvsN4HBvY3qmVvfSFDuHi9A=",
      "dev": true,
      "requires": {
        "pull-spec": "0.0.1",
        "pull-stream": "https://registry.npmjs.org/pull-stream/-/pull-stream-3.5.0.tgz",
        "tape": "https://registry.npmjs.org/tape/-/tape-4.6.2.tgz"
      },
      "dependencies": {
        "pull-spec": {
          "version": "0.0.1",
          "resolved": "https://registry.npmjs.org/pull-spec/-/pull-spec-0.0.1.tgz",
          "integrity": "sha1-ctW7OEfGUm2FvAmSwun0EcIzUak=",
          "dev": true
        }
      }
    },
    "through": {
      "version": "https://registry.npmjs.org/through/-/through-2.3.8.tgz",
      "integrity": "sha1-DdTJ/6q8NXlgsbckEV1+Doai4fU=",
      "dev": true
    },
    "uint48be": {
      "version": "1.0.2",
      "resolved": "https://registry.npmjs.org/uint48be/-/uint48be-1.0.2.tgz",
      "integrity": "sha512-jNn1eEi81BLiZfJkjbiAKPDMj7iFrturKazqpBu0aJYLr6evgkn+9rgkX/gUwPBj5j2Ri5oUelsqC/S1zmpWBA=="
    },
    "wrappy": {
      "version": "https://registry.npmjs.org/wrappy/-/wrappy-1.0.2.tgz",
      "integrity": "sha1-tSQ9jz7BqjXxNkYFvA0QNuMKtp8=",
      "dev": true
    }
  }
}
